
Microsoft Visual Studio Solution File, Format Version 12.00
# Visual Studio Version 17
VisualStudioVersion = 17.10.35013.160
MinimumVisualStudioVersion = 10.0.40219.1
Project("{FAE04EC0-301F-11D3-BF4B-00C04F79EFBC}") = "MedicalTemplate", "MedicalTemplate\MedicalTemplate.csproj", "{5A060F95-1061-4477-9AFB-31088BFF952E}"
EndProject
Global
	GlobalSection(SolutionConfigurationPlatforms) = preSolution
		Debug|Any CPU = Debug|Any CPU
		Release|Any CPU = Release|Any CPU
	EndGlobalSection
	GlobalSection(ProjectConfigurationPlatforms) = postSolution
		{5A060F95-1061-4477-9AFB-31088BFF952E}.Debug|Any CPU.ActiveCfg = Debug|Any CPU
		{5A060F95-1061-4477-9AFB-31088BFF952E}.Debug|Any CPU.Build.0 = Debug|Any CPU
		{5A060F95-1061-4477-9AFB-31088BFF952E}.Release|Any CPU.ActiveCfg = Release|Any CPU
		{5A060F95-1061-4477-9AFB-31088BFF952E}.Release|Any CPU.Build.0 = Release|Any CPU
	EndGlobalSection
	GlobalSection(SolutionProperties) = preSolution
		HideSolutionNode = FALSE
	EndGlobalSection
	GlobalSection(ExtensibilityGlobals) = postSolution
		SolutionGuid = {1ED65BA7-66EC-470C-9333-4C8F59EFFE1B}
	EndGlobalSection
EndGlobal
